{
  "name": "hell-tour-game",
  "version": "1.0.0",
  "lockfileVersion": 3,
  "requires": true,
  "packages": {
    "": {
      "name": "hell-tour-game",
      "version": "1.0.0",
      "private": true,
      "type": "module",
      "devDependencies": {
        "happy-dom": "^15.11.3",
        "vitest": "^4.1.10"
      }
    }
  }
}
